// !$*UTF8*$!
{
	archiveVersion = 1;
	classes = {
	};
	objectVersion = 50;
	objects = {

/* Begin PBXBuildFile section */
		B5DAC7F426A54EFD0054D5EF /* AppDelegate.swift in Sources */ = {isa = PBXBuildFile; fileRef = B5DAC7F326A54EFD0054D5EF /* AppDelegate.swift */; };
		B5DAC7F626A54EFD0054D5EF /* SceneDelegate.swift in Sources */ = {isa = PBXBuildFile; fileRef = B5DAC7F526A54EFD0054D5EF /* SceneDelegate.swift */; };
		B5DAC7F826A54EFD0054D5EF /* ViewController.swift in Sources */ = {isa = PBXBuildFile; fileRef = B5DAC7F726A54EFD0054D5EF /* ViewController.swift */; };
		B5DAC7FB26A54EFD0054D5EF /* Main.storyboard in Resources */ = {isa = PBXBuildFile; fileRef = B5DAC7F926A54EFD0054D5EF /* Main.storyboard */; };
		B5DAC7FD26A54F050054D5EF /* Assets.xcassets in Resources */ = {isa = PBXBuildFile; fileRef = B5DAC7FC26A54F050054D5EF /* Assets.xcassets */; };
		B5DAC80026A54F050054D5EF /* LaunchScreen.storyboard in Resources */ = {isa = PBXBuildFile; fileRef = B5DAC7FE26A54F050054D5EF /* LaunchScreen.storyboard */; };
/* End PBXBuildFile section */

/* Begin PBXFileReference section */
		B5DAC7F026A54EFD0054D5EF /* WeeklyFinder.app */ = {isa = PBXFileReference; explicitFileType = wrapper.application; includeInIndex = 0; path = WeeklyFinder.app; sourceTree = BUILT_PRODUCTS_DIR; };
		B5DAC7F326A54EFD0054D5EF /* AppDelegate.swift */ = {isa = PBXFileReference; lastKnownFileType = sourcecode.swift; path = AppDelegate.swift; sourceTree = "<group>"; };
		B5DAC7F526A54EFD0054D5EF /* SceneDelegate.swift */ = {isa = PBXFileReference; lastKnownFileType = sourcecode.swift; path = SceneDelegate.swift; sourceTree = "<group>"; };
		B5DAC7F726A54EFD0054D5EF /* ViewController.swift */ = {isa = PBXFileReference; lastKnownFileType = sourcecode.swift; path = ViewController.swift; sourceTree = "<group>"; };
		B5DAC7FA26A54EFD0054D5EF /* Base */ = {isa = PBXFileReference; lastKnownFileType = file.storyboard; name = Base; path = Base.lproj/Main.storyboard; sourceTree = "<group>"; };
		B5DAC7FC26A54F050054D5EF /* Assets.xcassets */ = {isa = PBXFileReference; lastKnownFileType = folder.assetcatalog; path = Assets.xcassets; sourceTree = "<group>"; };
		B5DAC7FF26A54F050054D5EF /* Base */ = {isa = PBXFileReference; lastKnownFileType = file.storyboard; name = Base; path = Base.lproj/LaunchScreen.storyboard; sourceTree = "<group>"; };
		B5DAC80126A54F050054D5EF /* Info.plist */ = {isa = PBXFileReference; lastKnownFileType = text.plist.xml; path = Info.plist; sourceTree = "<group>"; };
/* End PBXFileReference section */

/* Begin PBXFrameworksBuildPhase section */
		B5DAC7ED26A54EFD0054D5EF /* Frameworks */ = {
			isa = PBXFrameworksBuildPhase;
			buildActionMask = 2147483647;
			files = (
			);
			runOnlyForDeploymentPostprocessing = 0;
		};
/* End PBXFrameworksBuildPhase section */

/* Begin PBXGroup section */
		B5DAC7E726A54EFD0054D5EF = {
			isa = PBXGroup;
			children = (
				B5DAC7F226A54EFD0054D5EF /* WeeklyFinder */,
				B5DAC7F126A54EFD0054D5EF /* Products */,
			);
			sourceTree = "<group>";
		};
		B5DAC7F126A54EFD0054D5EF /* Products */ = {
			isa = PBXGroup;
			children = (
				B5DAC7F026A54EFD0054D5EF /* WeeklyFinder.app */,
			);
			name = Products;
			sourceTree = "<group>";
		};
		B5DAC7F226A54EFD0054D5EF /* WeeklyFinder */ = {
			isa = PBXGroup;
			children = (
				B5DAC7F326A54EFD0054D5EF /* AppDelegate.swift */,
				B5DAC7F526A54EFD0054D5EF /* SceneDelegate.swift */,
				B5DAC7F726A54EFD0054D5EF /* ViewController.swift */,
				B5DAC7F926A54EFD0054D5EF /* Main.storyboard */,
				B5DAC7FC26A54F050054D5EF /* Assets.xcassets */,
				B5DAC7FE26A54F050054D5EF /* LaunchScreen.storyboard */,
				B5DAC80126A54F050054D5EF /* Info.plist */,
			);
			path = WeeklyFinder;
			sourceTree = "<group>";
		};
/* End PBXGroup section */

/* Begin PBXNativeTarget section */
		B5DAC7EF26A54EFD0054D5EF /* WeeklyFinder */ = {
			isa = PBXNativeTarget;
			buildConfigurationList = B5DAC80426A54F050054D5EF /* Build configuration list for PBXNativeTarget "WeeklyFinder" */;
			buildPhases = (
				B5DAC7EC26A54EFD0054D5EF /* Sources */,
				B5DAC7ED26A54EFD0054D5EF /* Frameworks */,
				B5DAC7EE26A54EFD0054D5EF /* Resources */,
			);
			buildRules = (
			);
			dependencies = (
			);
			name = WeeklyFinder;
			productName = WeeklyFinder;
			productReference = B5DAC7F026A54EFD0054D5EF /* WeeklyFinder.app */;
			productType = "com.apple.product-type.application";
		};
/* End PBXNativeTarget section */

/* Begin PBXProject section */
		B5DAC7E826A54EFD0054D5EF /* Project object */ = {
			isa = PBXProject;
			attributes = {
				LastSwiftUpdateCheck = 1250;
				LastUpgradeCheck = 1250;
				TargetAttributes = {
					B5DAC7EF26A54EFD0054D5EF = {
						CreatedOnToolsVersion = 12.5;
					};
				};
			};
			buildConfigurationList = B5DAC7EB26A54EFD0054D5EF /* Build configuration list for PBXProject "WeeklyFinder" */;
			compatibilityVersion = "Xcode 9.3";
			developmentRegion = en;
			hasScannedForEncodings = 0;
			knownRegions = (
				en,
				Base,
			);
			mainGroup = B5DAC7E726A54EFD0054D5EF;
			productRefGroup = B5DAC7F126A54EFD0054D5EF /* Products */;
			projectDirPath = "";
			projectRoot = "";
			targets = (
				B5DAC7EF26A54EFD0054D5EF /* WeeklyFinder */,
			);
		};
/* End PBXProject section */

/* Begin PBXResourcesBuildPhase section */
		B5DAC7EE26A54EFD0054D5EF /* Resources */ = {
			isa = PBXResourcesBuildPhase;
			buildActionMask = 2147483647;
			files = (
				B5DAC80026A54F050054D5EF /* LaunchScreen.storyboard in Resources */,
				B5DAC7FD26A54F050054D5EF /* Assets.xcassets in Resources */,
				B5DAC7FB26A54EFD0054D5EF /* Main.storyboard in Resources */,
			);
			runOnlyForDeploymentPostprocessing = 0;
		};
/* End PBXResourcesBuildPhase section */

/* Begin PBXSourcesBuildPhase section */
		B5DAC7EC26A54EFD0054D5EF /* Sources */ = {
			isa = PBXSourcesBuildPhase;
			buildActionMask = 2147483647;
			files = (
				B5DAC7F826A54EFD0054D5EF /* ViewController.swift in Sources */,
				B5DAC7F426A54EFD0054D5EF /* AppDelegate.swift in Sources */,
				B5DAC7F626A54EFD0054D5EF /* SceneDelegate.swift in Sources */,
			);
			runOnlyForDeploymentPostprocessing = 0;
		};
/* End PBXSourcesBuildPhase section */

/* Begin PBXVariantGroup section */
		B5DAC7F926A54EFD0054D5EF /* Main.storyboard */ = {
			isa = PBXVariantGroup;
			children = (
				B5DAC7FA26A54EFD0054D5EF /* Base */,
			);
			name = Main.storyboard;
			sourceTree = "<group>";
		};
		B5DAC7FE26A54F050054D5EF /* LaunchScreen.storyboard */ = {
			isa = PBXVariantGroup;
			children = (
				B5DAC7FF26A54F050054D5EF /* Base */,
			);
			name = LaunchScreen.storyboard;
			sourceTree = "<group>";
		};
/* End PBXVariantGroup section */

/* Begin XCBuildConfiguration section */
		B5DAC80226A54F050054D5EF /* Debug */ = {
			isa = XCBuildConfiguration;
			buildSettings = {
				ALWAYS_SEARCH_USER_PATHS = NO;
				CLANG_ANALYZER_NONNULL = YES;
				CLANG_ANALYZER_NUMBER_OBJECT_CONVERSION = YES_AGGRESSIVE;
				CLANG_CXX_LANGUAGE_STANDARD = "gnu++14";
				CLANG_CXX_LIBRARY = "libc++";
				CLANG_ENABLE_MODULES = YES;
				CLANG_ENABLE_OBJC_ARC = YES;
				CLANG_ENABLE_OBJC_WEAK = YES;
				CLANG_WARN_BLOCK_CAPTURE_AUTORELEASING = YES;
				CLANG_WARN_BOOL_CONVERSION = YES;
				CLANG_WARN_COMMA = YES;
				CLANG_WARN_CONSTANT_CONVERSION = YES;
				CLANG_WARN_DEPRECATED_OBJC_IMPLEMENTATIONS = YES;
				CLANG_WARN_DIRECT_OBJC_ISA_USAGE = YES_ERROR;
				CLANG_WARN_DOCUMENTATION_COMMENTS = YES;
				CLANG_WARN_EMPTY_BODY = YES;
				CLANG_WARN_ENUM_CONVERSION = YES;
				CLANG_WARN_INFINITE_RECURSION = YES;
				CLANG_WARN_INT_CONVERSION = YES;
				CLANG_WARN_NON_LITERAL_NULL_CONVERSION = YES;
				CLANG_WARN_OBJC_IMPLICIT_RETAIN_SELF = YES;
				CLANG_WARN_OBJC_LITERAL_CONVERSION = YES;
				CLANG_WARN_OBJC_ROOT_CLASS = YES_ERROR;
				CLANG_WARN_QUOTED_INCLUDE_IN_FRAMEWORK_HEADER = YES;
				CLANG_WARN_RANGE_LOOP_ANALYSIS = YES;
				CLANG_WARN_STRICT_PROTOTYPES = YES;
				CLANG_WARN_SUSPICIOUS_MOVE = YES;
				CLANG_WARN_UNGUARDED_AVAILABILITY = YES_AGGRESSIVE;
				CLANG_WARN_UNREACHABLE_CODE = YES;
				CLANG_WARN__DUPLICATE_METHOD_MATCH = YES;
				COPY_PHASE_STRIP = NO;
				DEBUG_INFORMATION_FORMAT = dwarf;
				ENABLE_STRICT_OBJC_MSGSEND = YES;
				ENABLE_TESTABILITY = YES;
				GCC_C_LANGUAGE_STANDARD = gnu11;
				GCC_DYNAMIC_NO_PIC = NO;
				GCC_NO_COMMON_BLOCKS = YES;
				GCC_OPTIMIZATION_LEVEL = 0;
				GCC_PREPROCESSOR_DEFINITIONS = (
					"DEBUG=1",
					"$(inherited)",
				);
				GCC_WARN_64_TO_32_BIT_CONVERSION = YES;
				GCC_WARN_ABOUT_RETURN_TYPE = YES_ERROR;
				GCC_WARN_UNDECLARED_SELECTOR = YES;
				GCC_WARN_UNINITIALIZED_AUTOS = YES_AGGRESSIVE;
				GCC_WARN_UNUSED_FUNCTION = YES;
				GCC_WARN_UNUSED_VARIABLE = YES;
				IPHONEOS_DEPLOYMENT_TARGET = 14.5;
				MTL_ENABLE_DEBUG_INFO = INCLUDE_SOURCE;
				MTL_FAST_MATH = YES;
				ONLY_ACTIVE_ARCH = YES;
				SDKROOT = iphoneos;
				SWIFT_ACTIVE_COMPILATION_CONDITIONS = DEBUG;
				SWIFT_OPTIMIZATION_LEVEL = "-Onone";
			};
			name = Debug;
		};
		B5DAC80326A54F050054D5EF /* Release */ = {
			isa = XCBuildConfiguration;
			buildSettings = {
				ALWAYS_SEARCH_USER_PATHS = NO;
				CLANG_ANALYZER_NONNULL = YES;
				CLANG_ANALYZER_NUMBER_OBJECT_CONVERSION = YES_AGGRESSIVE;
				CLANG_CXX_LANGUAGE_STANDARD = "gnu++14";
				CLANG_CXX_LIBRARY = "libc++";
				CLANG_ENABLE_MODULES = YES;
				CLANG_ENABLE_OBJC_ARC = YES;
				CLANG_ENABLE_OBJC_WEAK = YES;
				CLANG_WARN_BLOCK_CAPTURE_AUTORELEASING = YES;
				CLANG_WARN_BOOL_CONVERSION = YES;
				CLANG_WARN_COMMA = YES;
				CLANG_WARN_CONSTANT_CONVERSION = YES;
				CLANG_WARN_DEPRECATED_OBJC_IMPLEMENTATIONS = YES;
				CLANG_WARN_DIRECT_OBJC_ISA_USAGE = YES_ERROR;
				CLANG_WARN_DOCUMENTATION_COMMENTS = YES;
				CLANG_WARN_EMPTY_BODY = YES;
				CLANG_WARN_ENUM_CONVERSION = YES;
				CLANG_WARN_INFINITE_RECURSION = YES;
				CLANG_WARN_INT_CONVERSION = YES;
				CLANG_WARN_NON_LITERAL_NULL_CONVERSION = YES;
				CLANG_WARN_OBJC_IMPLICIT_RETAIN_SELF = YES;
				CLANG_WARN_OBJC_LITERAL_CONVERSION = YES;
				CLANG_WARN_OBJC_ROOT_CLASS = YES_ERROR;
				CLANG_WARN_QUOTED_INCLUDE_IN_FRAMEWORK_HEADER = YES;
				CLANG_WARN_RANGE_LOOP_ANALYSIS = YES;
				CLANG_WARN_STRICT_PROTOTYPES = YES;
				CLANG_WARN_SUSPICIOUS_MOVE = YES;
				CLANG_WARN_UNGUARDED_AVAILABILITY = YES_AGGRESSIVE;
				CLANG_WARN_UNREACHABLE_CODE = YES;
				CLANG_WARN__DUPLICATE_METHOD_MATCH = YES;
				COPY_PHASE_STRIP = NO;
				DEBUG_INFORMATION_FORMAT = "dwarf-with-dsym";
				ENABLE_NS_ASSERTIONS = NO;
				ENABLE_STRICT_OBJC_MSGSEND = YES;
				GCC_C_LANGUAGE_STANDARD = gnu11;
				GCC_NO_COMMON_BLOCKS = YES;
				GCC_WARN_64_TO_32_BIT_CONVERSION = YES;
				GCC_WARN_ABOUT_RETURN_TYPE = YES_ERROR;
				GCC_WARN_UNDECLARED_SELECTOR = YES;
				GCC_WARN_UNINITIALIZED_AUTOS = YES_AGGRESSIVE;
				GCC_WARN_UNUSED_FUNCTION = YES;
				GCC_WARN_UNUSED_VARIABLE = YES;
				IPHONEOS_DEPLOYMENT_TARGET = 14.5;
				MTL_ENABLE_DEBUG_INFO = NO;
				MTL_FAST_MATH = YES;
				SDKROOT = iphoneos;
				SWIFT_COMPILATION_MODE = wholemodule;
				SWIFT_OPTIMIZATION_LEVEL = "-O";
				VALIDATE_PRODUCT = YES;
			};
			name = Release;
		};
		B5DAC80526A54F050054D5EF /* Debug */ = {
			isa = XCBuildConfiguration;
			buildSettings = {
				ASSETCATALOG_COMPILER_APPICON_NAME = AppIcon;
				ASSETCATALOG_COMPILER_GLOBAL_ACCENT_COLOR_NAME = AccentColor;
				CODE_SIGN_STYLE = Automatic;
				DEVELOPMENT_TEAM = 5VBQ98K5MQ;
				INFOPLIST_FILE = WeeklyFinder/Info.plist;
				LD_RUNPATH_SEARCH_PATHS = (
					"$(inherited)",
					"@executable_path/Frameworks",
				);
				PRODUCT_BUNDLE_IDENTIFIER = K2.WeeklyFinder;
				PRODUCT_NAME = "$(TARGET_NAME)";
				SWIFT_VERSION = 5.0;
				TARGETED_DEVICE_FAMILY = "1,2";
			};
			name = Debug;
		};
		B5DAC80626A54F050054D5EF /* Release */ = {
			isa = XCBuildConfiguration;
			buildSettings = {
				ASSETCATALOG_COMPILER_APPICON_NAME = AppIcon;
				ASSETCATALOG_COMPILER_GLOBAL_ACCENT_COLOR_NAME = AccentColor;
				CODE_SIGN_STYLE = Automatic;
				DEVELOPMENT_TEAM = 5VBQ98K5MQ;
				INFOPLIST_FILE = WeeklyFinder/Info.plist;
				LD_RUNPATH_SEARCH_PATHS = (
					"$(inherited)",
					"@executable_path/Frameworks",
				);
				PRODUCT_BUNDLE_IDENTIFIER = K2.WeeklyFinder;
				PRODUCT_NAME = "$(TARGET_NAME)";
				SWIFT_VERSION = 5.0;
				TARGETED_DEVICE_FAMILY = "1,2";
			};
			name = Release;
		};
/* End XCBuildConfiguration section */

/* Begin XCConfigurationList section */
		B5DAC7EB26A54EFD0054D5EF /* Build configuration list for PBXProject "WeeklyFinder" */ = {
			isa = XCConfigurationList;
			buildConfigurations = (
				B5DAC80226A54F050054D5EF /* Debug */,
				B5DAC80326A54F050054D5EF /* Release */,
			);
			defaultConfigurationIsVisible = 0;
			defaultConfigurationName = Release;
		};
		B5DAC80426A54F050054D5EF /* Build configuration list for PBXNativeTarget "WeeklyFinder" */ = {
			isa = XCConfigurationList;
			buildConfigurations = (
				B5DAC80526A54F050054D5EF /* Debug */,
				B5DAC80626A54F050054D5EF /* Release */,
			);
			defaultConfigurationIsVisible = 0;
			defaultConfigurationName = Release;
		};
/* End XCConfigurationList section */
	};
	rootObject = B5DAC7E826A54EFD0054D5EF /* Project object */;
}
